// !$*UTF8*$!
{
	archiveVersion = 1;
	classes = {
	};
	objectVersion = 48;
	objects = {

/* Begin PBXBuildFile section */
		8AAD82D41FDA70D4001166E4 /* AppDelegate.swift in Sources */ = {isa = PBXBuildFile; fileRef = 8AAD82D31FDA70D4001166E4 /* AppDelegate.swift */; };
		8AAD82D61FDA70D4001166E4 /* ViewController.swift in Sources */ = {isa = PBXBuildFile; fileRef = 8AAD82D51FDA70D4001166E4 /* ViewController.swift */; };
		8AAD82D91FDA70D4001166E4 /* Main.storyboard in Resources */ = {isa = PBXBuildFile; fileRef = 8AAD82D71FDA70D4001166E4 /* Main.storyboard */; };
		8AAD82DB1FDA70D4001166E4 /* Assets.xcassets in Resources */ = {isa = PBXBuildFile; fileRef = 8AAD82DA1FDA70D4001166E4 /* Assets.xcassets */; };
		8AAD82DE1FDA70D4001166E4 /* LaunchScreen.storyboard in Resources */ = {isa = PBXBuildFile; fileRef = 8AAD82DC1FDA70D4001166E4 /* LaunchScreen.storyboard */; };
		8AAD82E91FDA70D4001166E4 /* CheckListTests.swift in Sources */ = {isa = PBXBuildFile; fileRef = 8AAD82E81FDA70D4001166E4 /* CheckListTests.swift */; };
		8AAD82F41FDA70D4001166E4 /* CheckListUITests.swift in Sources */ = {isa = PBXBuildFile; fileRef = 8AAD82F31FDA70D4001166E4 /* CheckListUITests.swift */; };
		8AAD83061FDA7621001166E4 /* ToDo.swift in Sources */ = {isa = PBXBuildFile; fileRef = 8AAD83051FDA7621001166E4 /* ToDo.swift */; };
		8AAD83081FDA795B001166E4 /* TodoTableViewCell.swift in Sources */ = {isa = PBXBuildFile; fileRef = 8AAD83071FDA795B001166E4 /* TodoTableViewCell.swift */; };
		8AAD830A1FDA8144001166E4 /* AddNewViewController.swift in Sources */ = {isa = PBXBuildFile; fileRef = 8AAD83091FDA8144001166E4 /* AddNewViewController.swift */; };
/* End PBXBuildFile section */

/* Begin PBXContainerItemProxy section */
		8AAD82E51FDA70D4001166E4 /* PBXContainerItemProxy */ = {
			isa = PBXContainerItemProxy;
			containerPortal = 8AAD82C81FDA70D4001166E4 /* Project object */;
			proxyType = 1;
			remoteGlobalIDString = 8AAD82CF1FDA70D4001166E4;
			remoteInfo = CheckList;
		};
		8AAD82F01FDA70D4001166E4 /* PBXContainerItemProxy */ = {
			isa = PBXContainerItemProxy;
			containerPortal = 8AAD82C81FDA70D4001166E4 /* Project object */;
			proxyType = 1;
			remoteGlobalIDString = 8AAD82CF1FDA70D4001166E4;
			remoteInfo = CheckList;
		};
/* End PBXContainerItemProxy section */

/* Begin PBXFileReference section */
		8AAD82D01FDA70D4001166E4 /* CheckList.app */ = {isa = PBXFileReference; explicitFileType = wrapper.application; includeInIndex = 0; path = CheckList.app; sourceTree = BUILT_PRODUCTS_DIR; };
		8AAD82D31FDA70D4001166E4 /* AppDelegate.swift */ = {isa = PBXFileReference; lastKnownFileType = sourcecode.swift; path = AppDelegate.swift; sourceTree = "<group>"; };
		8AAD82D51FDA70D4001166E4 /* ViewController.swift */ = {isa = PBXFileReference; lastKnownFileType = sourcecode.swift; path = ViewController.swift; sourceTree = "<group>"; };
		8AAD82D81FDA70D4001166E4 /* Base */ = {isa = PBXFileReference; lastKnownFileType = file.storyboard; name = Base; path = Base.lproj/Main.storyboard; sourceTree = "<group>"; };
		8AAD82DA1FDA70D4001166E4 /* Assets.xcassets */ = {isa = PBXFileReference; lastKnownFileType = folder.assetcatalog; path = Assets.xcassets; sourceTree = "<group>"; };
		8AAD82DD1FDA70D4001166E4 /* Base */ = {isa = PBXFileReference; lastKnownFileType = file.storyboard; name = Base; path = Base.lproj/LaunchScreen.storyboard; sourceTree = "<group>"; };
		8AAD82DF1FDA70D4001166E4 /* Info.plist */ = {isa = PBXFileReference; lastKnownFileType = text.plist.xml; path = Info.plist; sourceTree = "<group>"; };
		8AAD82E41FDA70D4001166E4 /* CheckListTests.xctest */ = {isa = PBXFileReference; explicitFileType = wrapper.cfbundle; includeInIndex = 0; path = CheckListTests.xctest; sourceTree = BUILT_PRODUCTS_DIR; };
		8AAD82E81FDA70D4001166E4 /* CheckListTests.swift */ = {isa = PBXFileReference; lastKnownFileType = sourcecode.swift; path = CheckListTests.swift; sourceTree = "<group>"; };
		8AAD82EA1FDA70D4001166E4 /* Info.plist */ = {isa = PBXFileReference; lastKnownFileType = text.plist.xml; path = Info.plist; sourceTree = "<group>"; };
		8AAD82EF1FDA70D4001166E4 /* CheckListUITests.xctest */ = {isa = PBXFileReference; explicitFileType = wrapper.cfbundle; includeInIndex = 0; path = CheckListUITests.xctest; sourceTree = BUILT_PRODUCTS_DIR; };
		8AAD82F31FDA70D4001166E4 /* CheckListUITests.swift */ = {isa = PBXFileReference; lastKnownFileType = sourcecode.swift; path = CheckListUITests.swift; sourceTree = "<group>"; };
		8AAD82F51FDA70D4001166E4 /* Info.plist */ = {isa = PBXFileReference; lastKnownFileType = text.plist.xml; path = Info.plist; sourceTree = "<group>"; };
		8AAD83051FDA7621001166E4 /* ToDo.swift */ = {isa = PBXFileReference; lastKnownFileType = sourcecode.swift; path = ToDo.swift; sourceTree = "<group>"; };
		8AAD83071FDA795B001166E4 /* TodoTableViewCell.swift */ = {isa = PBXFileReference; lastKnownFileType = sourcecode.swift; path = TodoTableViewCell.swift; sourceTree = "<group>"; };
		8AAD83091FDA8144001166E4 /* AddNewViewController.swift */ = {isa = PBXFileReference; lastKnownFileType = sourcecode.swift; path = AddNewViewController.swift; sourceTree = "<group>"; };
/* End PBXFileReference section */

/* Begin PBXFrameworksBuildPhase section */
		8AAD82CD1FDA70D4001166E4 /* Frameworks */ = {
			isa = PBXFrameworksBuildPhase;
			buildActionMask = 2147483647;
			files = (
			);
			runOnlyForDeploymentPostprocessing = 0;
		};
		8AAD82E11FDA70D4001166E4 /* Frameworks */ = {
			isa = PBXFrameworksBuildPhase;
			buildActionMask = 2147483647;
			files = (
			);
			runOnlyForDeploymentPostprocessing = 0;
		};
		8AAD82EC1FDA70D4001166E4 /* Frameworks */ = {
			isa = PBXFrameworksBuildPhase;
			buildActionMask = 2147483647;
			files = (
			);
			runOnlyForDeploymentPostprocessing = 0;
		};
/* End PBXFrameworksBuildPhase section */

/* Begin PBXGroup section */
		8AAD82C71FDA70D4001166E4 = {
			isa = PBXGroup;
			children = (
				8AAD82D21FDA70D4001166E4 /* CheckList */,
				8AAD82E71FDA70D4001166E4 /* CheckListTests */,
				8AAD82F21FDA70D4001166E4 /* CheckListUITests */,
				8AAD82D11FDA70D4001166E4 /* Products */,
			);
			sourceTree = "<group>";
		};
		8AAD82D11FDA70D4001166E4 /* Products */ = {
			isa = PBXGroup;
			children = (
				8AAD82D01FDA70D4001166E4 /* CheckList.app */,
				8AAD82E41FDA70D4001166E4 /* CheckListTests.xctest */,
				8AAD82EF1FDA70D4001166E4 /* CheckListUITests.xctest */,
			);
			name = Products;
			sourceTree = "<group>";
		};
		8AAD82D21FDA70D4001166E4 /* CheckList */ = {
			isa = PBXGroup;
			children = (
				8AAD83041FDA733D001166E4 /* Model */,
				8AAD83021FDA7329001166E4 /* View */,
				8AAD83011FDA731F001166E4 /* Controller */,
				8AAD82D31FDA70D4001166E4 /* AppDelegate.swift */,
				8AAD82D71FDA70D4001166E4 /* Main.storyboard */,
				8AAD82DA1FDA70D4001166E4 /* Assets.xcassets */,
				8AAD82DC1FDA70D4001166E4 /* LaunchScreen.storyboard */,
				8AAD82DF1FDA70D4001166E4 /* Info.plist */,
			);
			path = CheckList;
			sourceTree = "<group>";
		};
		8AAD82E71FDA70D4001166E4 /* CheckListTests */ = {
			isa = PBXGroup;
			children = (
				8AAD82E81FDA70D4001166E4 /* CheckListTests.swift */,
				8AAD82EA1FDA70D4001166E4 /* Info.plist */,
			);
			path = CheckListTests;
			sourceTree = "<group>";
		};
		8AAD82F21FDA70D4001166E4 /* CheckListUITests */ = {
			isa = PBXGroup;
			children = (
				8AAD82F31FDA70D4001166E4 /* CheckListUITests.swift */,
				8AAD82F51FDA70D4001166E4 /* Info.plist */,
			);
			path = CheckListUITests;
			sourceTree = "<group>";
		};
		8AAD83011FDA731F001166E4 /* Controller */ = {
			isa = PBXGroup;
			children = (
				8AAD82D51FDA70D4001166E4 /* ViewController.swift */,
				8AAD83091FDA8144001166E4 /* AddNewViewController.swift */,
			);
			path = Controller;
			sourceTree = "<group>";
		};
		8AAD83021FDA7329001166E4 /* View */ = {
			isa = PBXGroup;
			children = (
				8AAD83071FDA795B001166E4 /* TodoTableViewCell.swift */,
			);
			path = View;
			sourceTree = "<group>";
		};
		8AAD83041FDA733D001166E4 /* Model */ = {
			isa = PBXGroup;
			children = (
				8AAD83051FDA7621001166E4 /* ToDo.swift */,
			);
			path = Model;
			sourceTree = "<group>";
		};
/* End PBXGroup section */

/* Begin PBXNativeTarget section */
		8AAD82CF1FDA70D4001166E4 /* CheckList */ = {
			isa = PBXNativeTarget;
			buildConfigurationList = 8AAD82F81FDA70D4001166E4 /* Build configuration list for PBXNativeTarget "CheckList" */;
			buildPhases = (
				8AAD82CC1FDA70D4001166E4 /* Sources */,
				8AAD82CD1FDA70D4001166E4 /* Frameworks */,
				8AAD82CE1FDA70D4001166E4 /* Resources */,
			);
			buildRules = (
			);
			dependencies = (
			);
			name = CheckList;
			productName = CheckList;
			productReference = 8AAD82D01FDA70D4001166E4 /* CheckList.app */;
			productType = "com.apple.product-type.application";
		};
		8AAD82E31FDA70D4001166E4 /* CheckListTests */ = {
			isa = PBXNativeTarget;
			buildConfigurationList = 8AAD82FB1FDA70D4001166E4 /* Build configuration list for PBXNativeTarget "CheckListTests" */;
			buildPhases = (
				8AAD82E01FDA70D4001166E4 /* Sources */,
				8AAD82E11FDA70D4001166E4 /* Frameworks */,
				8AAD82E21FDA70D4001166E4 /* Resources */,
			);
			buildRules = (
			);
			dependencies = (
				8AAD82E61FDA70D4001166E4 /* PBXTargetDependency */,
			);
			name = CheckListTests;
			productName = CheckListTests;
			productReference = 8AAD82E41FDA70D4001166E4 /* CheckListTests.xctest */;
			productType = "com.apple.product-type.bundle.unit-test";
		};
		8AAD82EE1FDA70D4001166E4 /* CheckListUITests */ = {
			isa = PBXNativeTarget;
			buildConfigurationList = 8AAD82FE1FDA70D4001166E4 /* Build configuration list for PBXNativeTarget "CheckListUITests" */;
			buildPhases = (
				8AAD82EB1FDA70D4001166E4 /* Sources */,
				8AAD82EC1FDA70D4001166E4 /* Frameworks */,
				8AAD82ED1FDA70D4001166E4 /* Resources */,
			);
			buildRules = (
			);
			dependencies = (
				8AAD82F11FDA70D4001166E4 /* PBXTargetDependency */,
			);
			name = CheckListUITests;
			productName = CheckListUITests;
			productReference = 8AAD82EF1FDA70D4001166E4 /* CheckListUITests.xctest */;
			productType = "com.apple.product-type.bundle.ui-testing";
		};
/* End PBXNativeTarget section */

/* Begin PBXProject section */
		8AAD82C81FDA70D4001166E4 /* Project object */ = {
			isa = PBXProject;
			attributes = {
				LastSwiftUpdateCheck = 0900;
				LastUpgradeCheck = 0900;
				ORGANIZATIONNAME = "Phung buu quang";
				TargetAttributes = {
					8AAD82CF1FDA70D4001166E4 = {
						CreatedOnToolsVersion = 9.0.1;
						ProvisioningStyle = Automatic;
					};
					8AAD82E31FDA70D4001166E4 = {
						CreatedOnToolsVersion = 9.0.1;
						ProvisioningStyle = Automatic;
						TestTargetID = 8AAD82CF1FDA70D4001166E4;
					};
					8AAD82EE1FDA70D4001166E4 = {
						CreatedOnToolsVersion = 9.0.1;
						ProvisioningStyle = Automatic;
						TestTargetID = 8AAD82CF1FDA70D4001166E4;
					};
				};
			};
			buildConfigurationList = 8AAD82CB1FDA70D4001166E4 /* Build configuration list for PBXProject "CheckList" */;
			compatibilityVersion = "Xcode 8.0";
			developmentRegion = en;
			hasScannedForEncodings = 0;
			knownRegions = (
				en,
				Base,
			);
			mainGroup = 8AAD82C71FDA70D4001166E4;
			productRefGroup = 8AAD82D11FDA70D4001166E4 /* Products */;
			projectDirPath = "";
			projectRoot = "";
			targets = (
				8AAD82CF1FDA70D4001166E4 /* CheckList */,
				8AAD82E31FDA70D4001166E4 /* CheckListTests */,
				8AAD82EE1FDA70D4001166E4 /* CheckListUITests */,
			);
		};
/* End PBXProject section */

/* Begin PBXResourcesBuildPhase section */
		8AAD82CE1FDA70D4001166E4 /* Resources */ = {
			isa = PBXResourcesBuildPhase;
			buildActionMask = 2147483647;
			files = (
				8AAD82DE1FDA70D4001166E4 /* LaunchScreen.storyboard in Resources */,
				8AAD82DB1FDA70D4001166E4 /* Assets.xcassets in Resources */,
				8AAD82D91FDA70D4001166E4 /* Main.storyboard in Resources */,
			);
			runOnlyForDeploymentPostprocessing = 0;
		};
		8AAD82E21FDA70D4001166E4 /* Resources */ = {
			isa = PBXResourcesBuildPhase;
			buildActionMask = 2147483647;
			files = (
			);
			runOnlyForDeploymentPostprocessing = 0;
		};
		8AAD82ED1FDA70D4001166E4 /* Resources */ = {
			isa = PBXResourcesBuildPhase;
			buildActionMask = 2147483647;
			files = (
			);
			runOnlyForDeploymentPostprocessing = 0;
		};
/* End PBXResourcesBuildPhase section */

/* Begin PBXSourcesBuildPhase section */
		8AAD82CC1FDA70D4001166E4 /* Sources */ = {
			isa = PBXSourcesBuildPhase;
			buildActionMask = 2147483647;
			files = (
				8AAD830A1FDA8144001166E4 /* AddNewViewController.swift in Sources */,
				8AAD83061FDA7621001166E4 /* ToDo.swift in Sources */,
				8AAD82D61FDA70D4001166E4 /* ViewController.swift in Sources */,
				8AAD82D41FDA70D4001166E4 /* AppDelegate.swift in Sources */,
				8AAD83081FDA795B001166E4 /* TodoTableViewCell.swift in Sources */,
			);
			runOnlyForDeploymentPostprocessing = 0;
		};
		8AAD82E01FDA70D4001166E4 /* Sources */ = {
			isa = PBXSourcesBuildPhase;
			buildActionMask = 2147483647;
			files = (
				8AAD82E91FDA70D4001166E4 /* CheckListTests.swift in Sources */,
			);
			runOnlyForDeploymentPostprocessing = 0;
		};
		8AAD82EB1FDA70D4001166E4 /* Sources */ = {
			isa = PBXSourcesBuildPhase;
			buildActionMask = 2147483647;
			files = (
				8AAD82F41FDA70D4001166E4 /* CheckListUITests.swift in Sources */,
			);
			runOnlyForDeploymentPostprocessing = 0;
		};
/* End PBXSourcesBuildPhase section */

/* Begin PBXTargetDependency section */
		8AAD82E61FDA70D4001166E4 /* PBXTargetDependency */ = {
			isa = PBXTargetDependency;
			target = 8AAD82CF1FDA70D4001166E4 /* CheckList */;
			targetProxy = 8AAD82E51FDA70D4001166E4 /* PBXContainerItemProxy */;
		};
		8AAD82F11FDA70D4001166E4 /* PBXTargetDependency */ = {
			isa = PBXTargetDependency;
			target = 8AAD82CF1FDA70D4001166E4 /* CheckList */;
			targetProxy = 8AAD82F01FDA70D4001166E4 /* PBXContainerItemProxy */;
		};
/* End PBXTargetDependency section */

/* Begin PBXVariantGroup section */
		8AAD82D71FDA70D4001166E4 /* Main.storyboard */ = {
			isa = PBXVariantGroup;
			children = (
				8AAD82D81FDA70D4001166E4 /* Base */,
			);
			name = Main.storyboard;
			sourceTree = "<group>";
		};
		8AAD82DC1FDA70D4001166E4 /* LaunchScreen.storyboard */ = {
			isa = PBXVariantGroup;
			children = (
				8AAD82DD1FDA70D4001166E4 /* Base */,
			);
			name = LaunchScreen.storyboard;
			sourceTree = "<group>";
		};
/* End PBXVariantGroup section */

/* Begin XCBuildConfiguration section */
		8AAD82F61FDA70D4001166E4 /* Debug */ = {
			isa = XCBuildConfiguration;
			buildSettings = {
				ALWAYS_SEARCH_USER_PATHS = NO;
				CLANG_ANALYZER_NONNULL = YES;
				CLANG_ANALYZER_NUMBER_OBJECT_CONVERSION = YES_AGGRESSIVE;
				CLANG_CXX_LANGUAGE_STANDARD = "gnu++14";
				CLANG_CXX_LIBRARY = "libc++";
				CLANG_ENABLE_MODULES = YES;
				CLANG_ENABLE_OBJC_ARC = YES;
				CLANG_WARN_BLOCK_CAPTURE_AUTORELEASING = YES;
				CLANG_WARN_BOOL_CONVERSION = YES;
				CLANG_WARN_COMMA = YES;
				CLANG_WARN_CONSTANT_CONVERSION = YES;
				CLANG_WARN_DIRECT_OBJC_ISA_USAGE = YES_ERROR;
				CLANG_WARN_DOCUMENTATION_COMMENTS = YES;
				CLANG_WARN_EMPTY_BODY = YES;
				CLANG_WARN_ENUM_CONVERSION = YES;
				CLANG_WARN_INFINITE_RECURSION = YES;
				CLANG_WARN_INT_CONVERSION = YES;
				CLANG_WARN_NON_LITERAL_NULL_CONVERSION = YES;
				CLANG_WARN_OBJC_LITERAL_CONVERSION = YES;
				CLANG_WARN_OBJC_ROOT_CLASS = YES_ERROR;
				CLANG_WARN_RANGE_LOOP_ANALYSIS = YES;
				CLANG_WARN_STRICT_PROTOTYPES = YES;
				CLANG_WARN_SUSPICIOUS_MOVE = YES;
				CLANG_WARN_UNGUARDED_AVAILABILITY = YES_AGGRESSIVE;
				CLANG_WARN_UNREACHABLE_CODE = YES;
				CLANG_WARN__DUPLICATE_METHOD_MATCH = YES;
				CODE_SIGN_IDENTITY = "iPhone Developer";
				COPY_PHASE_STRIP = NO;
				DEBUG_INFORMATION_FORMAT = dwarf;
				ENABLE_STRICT_OBJC_MSGSEND = YES;
				ENABLE_TESTABILITY = YES;
				GCC_C_LANGUAGE_STANDARD = gnu11;
				GCC_DYNAMIC_NO_PIC = NO;
				GCC_NO_COMMON_BLOCKS = YES;
				GCC_OPTIMIZATION_LEVEL = 0;
				GCC_PREPROCESSOR_DEFINITIONS = (
					"DEBUG=1",
					"$(inherited)",
				);
				GCC_WARN_64_TO_32_BIT_CONVERSION = YES;
				GCC_WARN_ABOUT_RETURN_TYPE = YES_ERROR;
				GCC_WARN_UNDECLARED_SELECTOR = YES;
				GCC_WARN_UNINITIALIZED_AUTOS = YES_AGGRESSIVE;
				GCC_WARN_UNUSED_FUNCTION = YES;
				GCC_WARN_UNUSED_VARIABLE = YES;
				IPHONEOS_DEPLOYMENT_TARGET = 11.0;
				MTL_ENABLE_DEBUG_INFO = YES;
				ONLY_ACTIVE_ARCH = YES;
				SDKROOT = iphoneos;
				SWIFT_ACTIVE_COMPILATION_CONDITIONS = DEBUG;
				SWIFT_OPTIMIZATION_LEVEL = "-Onone";
			};
			name = Debug;
		};
		8AAD82F71FDA70D4001166E4 /* Release */ = {
			isa = XCBuildConfiguration;
			buildSettings = {
				ALWAYS_SEARCH_USER_PATHS = NO;
				CLANG_ANALYZER_NONNULL = YES;
				CLANG_ANALYZER_NUMBER_OBJECT_CONVERSION = YES_AGGRESSIVE;
				CLANG_CXX_LANGUAGE_STANDARD = "gnu++14";
				CLANG_CXX_LIBRARY = "libc++";
				CLANG_ENABLE_MODULES = YES;
				CLANG_ENABLE_OBJC_ARC = YES;
				CLANG_WARN_BLOCK_CAPTURE_AUTORELEASING = YES;
				CLANG_WARN_BOOL_CONVERSION = YES;
				CLANG_WARN_COMMA = YES;
				CLANG_WARN_CONSTANT_CONVERSION = YES;
				CLANG_WARN_DIRECT_OBJC_ISA_USAGE = YES_ERROR;
				CLANG_WARN_DOCUMENTATION_COMMENTS = YES;
				CLANG_WARN_EMPTY_BODY = YES;
				CLANG_WARN_ENUM_CONVERSION = YES;
				CLANG_WARN_INFINITE_RECURSION = YES;
				CLANG_WARN_INT_CONVERSION = YES;
				CLANG_WARN_NON_LITERAL_NULL_CONVERSION = YES;
				CLANG_WARN_OBJC_LITERAL_CONVERSION = YES;
				CLANG_WARN_OBJC_ROOT_CLASS = YES_ERROR;
				CLANG_WARN_RANGE_LOOP_ANALYSIS = YES;
				CLANG_WARN_STRICT_PROTOTYPES = YES;
				CLANG_WARN_SUSPICIOUS_MOVE = YES;
				CLANG_WARN_UNGUARDED_AVAILABILITY = YES_AGGRESSIVE;
				CLANG_WARN_UNREACHABLE_CODE = YES;
				CLANG_WARN__DUPLICATE_METHOD_MATCH = YES;
				CODE_SIGN_IDENTITY = "iPhone Developer";
				COPY_PHASE_STRIP = NO;
				DEBUG_INFORMATION_FORMAT = "dwarf-with-dsym";
				ENABLE_NS_ASSERTIONS = NO;
				ENABLE_STRICT_OBJC_MSGSEND = YES;
				GCC_C_LANGUAGE_STANDARD = gnu11;
				GCC_NO_COMMON_BLOCKS = YES;
				GCC_WARN_64_TO_32_BIT_CONVERSION = YES;
				GCC_WARN_ABOUT_RETURN_TYPE = YES_ERROR;
				GCC_WARN_UNDECLARED_SELECTOR = YES;
				GCC_WARN_UNINITIALIZED_AUTOS = YES_AGGRESSIVE;
				GCC_WARN_UNUSED_FUNCTION = YES;
				GCC_WARN_UNUSED_VARIABLE = YES;
				IPHONEOS_DEPLOYMENT_TARGET = 11.0;
				MTL_ENABLE_DEBUG_INFO = NO;
				SDKROOT = iphoneos;
				SWIFT_OPTIMIZATION_LEVEL = "-Owholemodule";
				VALIDATE_PRODUCT = YES;
			};
			name = Release;
		};
		8AAD82F91FDA70D4001166E4 /* Debug */ = {
			isa = XCBuildConfiguration;
			buildSettings = {
				ASSETCATALOG_COMPILER_APPICON_NAME = AppIcon;
				CODE_SIGN_STYLE = Automatic;
				INFOPLIST_FILE = CheckList/Info.plist;
				LD_RUNPATH_SEARCH_PATHS = "$(inherited) @executable_path/Frameworks";
				PRODUCT_BUNDLE_IDENTIFIER = com.quang.CheckList;
				PRODUCT_NAME = "$(TARGET_NAME)";
				SWIFT_VERSION = 4.0;
				TARGETED_DEVICE_FAMILY = "1,2";
			};
			name = Debug;
		};
		8AAD82FA1FDA70D4001166E4 /* Release */ = {
			isa = XCBuildConfiguration;
			buildSettings = {
				ASSETCATALOG_COMPILER_APPICON_NAME = AppIcon;
				CODE_SIGN_STYLE = Automatic;
				INFOPLIST_FILE = CheckList/Info.plist;
				LD_RUNPATH_SEARCH_PATHS = "$(inherited) @executable_path/Frameworks";
				PRODUCT_BUNDLE_IDENTIFIER = com.quang.CheckList;
				PRODUCT_NAME = "$(TARGET_NAME)";
				SWIFT_VERSION = 4.0;
				TARGETED_DEVICE_FAMILY = "1,2";
			};
			name = Release;
		};
		8AAD82FC1FDA70D4001166E4 /* Debug */ = {
			isa = XCBuildConfiguration;
			buildSettings = {
				ALWAYS_EMBED_SWIFT_STANDARD_LIBRARIES = YES;
				BUNDLE_LOADER = "$(TEST_HOST)";
				CODE_SIGN_STYLE = Automatic;
				INFOPLIST_FILE = CheckListTests/Info.plist;
				LD_RUNPATH_SEARCH_PATHS = "$(inherited) @executable_path/Frameworks @loader_path/Frameworks";
				PRODUCT_BUNDLE_IDENTIFIER = com.quang.CheckListTests;
				PRODUCT_NAME = "$(TARGET_NAME)";
				SWIFT_VERSION = 4.0;
				TARGETED_DEVICE_FAMILY = "1,2";
				TEST_HOST = "$(BUILT_PRODUCTS_DIR)/CheckList.app/CheckList";
			};
			name = Debug;
		};
		8AAD82FD1FDA70D4001166E4 /* Release */ = {
			isa = XCBuildConfiguration;
			buildSettings = {
				ALWAYS_EMBED_SWIFT_STANDARD_LIBRARIES = YES;
				BUNDLE_LOADER = "$(TEST_HOST)";
				CODE_SIGN_STYLE = Automatic;
				INFOPLIST_FILE = CheckListTests/Info.plist;
				LD_RUNPATH_SEARCH_PATHS = "$(inherited) @executable_path/Frameworks @loader_path/Frameworks";
				PRODUCT_BUNDLE_IDENTIFIER = com.quang.CheckListTests;
				PRODUCT_NAME = "$(TARGET_NAME)";
				SWIFT_VERSION = 4.0;
				TARGETED_DEVICE_FAMILY = "1,2";
				TEST_HOST = "$(BUILT_PRODUCTS_DIR)/CheckList.app/CheckList";
			};
			name = Release;
		};
		8AAD82FF1FDA70D4001166E4 /* Debug */ = {
			isa = XCBuildConfiguration;
			buildSettings = {
				ALWAYS_EMBED_SWIFT_STANDARD_LIBRARIES = YES;
				CODE_SIGN_STYLE = Automatic;
				INFOPLIST_FILE = CheckListUITests/Info.plist;
				LD_RUNPATH_SEARCH_PATHS = "$(inherited) @executable_path/Frameworks @loader_path/Frameworks";
				PRODUCT_BUNDLE_IDENTIFIER = com.quang.CheckListUITests;
				PRODUCT_NAME = "$(TARGET_NAME)";
				SWIFT_VERSION = 4.0;
				TARGETED_DEVICE_FAMILY = "1,2";
				TEST_TARGET_NAME = CheckList;
			};
			name = Debug;
		};
		8AAD83001FDA70D4001166E4 /* Release */ = {
			isa = XCBuildConfiguration;
			buildSettings = {
				ALWAYS_EMBED_SWIFT_STANDARD_LIBRARIES = YES;
				CODE_SIGN_STYLE = Automatic;
				INFOPLIST_FILE = CheckListUITests/Info.plist;
				LD_RUNPATH_SEARCH_PATHS = "$(inherited) @executable_path/Frameworks @loader_path/Frameworks";
				PRODUCT_BUNDLE_IDENTIFIER = com.quang.CheckListUITests;
				PRODUCT_NAME = "$(TARGET_NAME)";
				SWIFT_VERSION = 4.0;
				TARGETED_DEVICE_FAMILY = "1,2";
				TEST_TARGET_NAME = CheckList;
			};
			name = Release;
		};
/* End XCBuildConfiguration section */

/* Begin XCConfigurationList section */
		8AAD82CB1FDA70D4001166E4 /* Build configuration list for PBXProject "CheckList" */ = {
			isa = XCConfigurationList;
			buildConfigurations = (
				8AAD82F61FDA70D4001166E4 /* Debug */,
				8AAD82F71FDA70D4001166E4 /* Release */,
			);
			defaultConfigurationIsVisible = 0;
			defaultConfigurationName = Release;
		};
		8AAD82F81FDA70D4001166E4 /* Build configuration list for PBXNativeTarget "CheckList" */ = {
			isa = XCConfigurationList;
			buildConfigurations = (
				8AAD82F91FDA70D4001166E4 /* Debug */,
				8AAD82FA1FDA70D4001166E4 /* Release */,
			);
			defaultConfigurationIsVisible = 0;
			defaultConfigurationName = Release;
		};
		8AAD82FB1FDA70D4001166E4 /* Build configuration list for PBXNativeTarget "CheckListTests" */ = {
			isa = XCConfigurationList;
			buildConfigurations = (
				8AAD82FC1FDA70D4001166E4 /* Debug */,
				8AAD82FD1FDA70D4001166E4 /* Release */,
			);
			defaultConfigurationIsVisible = 0;
			defaultConfigurationName = Release;
		};
		8AAD82FE1FDA70D4001166E4 /* Build configuration list for PBXNativeTarget "CheckListUITests" */ = {
			isa = XCConfigurationList;
			buildConfigurations = (
				8AAD82FF1FDA70D4001166E4 /* Debug */,
				8AAD83001FDA70D4001166E4 /* Release */,
			);
			defaultConfigurationIsVisible = 0;
			defaultConfigurationName = Release;
		};
/* End XCConfigurationList section */
	};
	rootObject = 8AAD82C81FDA70D4001166E4 /* Project object */;
}
